
Microsoft Visual Studio Solution File, Format Version 12.00
# Visual Studio Version 16
VisualStudioVersion = 16.0.29318.209
MinimumVisualStudioVersion = 10.0.40219.1
Project("{9A19103F-16F7-4668-BE54-9A1E7A4F7556}") = "AwesumIO.Functions", "src\functions\AwesumIO.Functions\AwesumIO.Functions.csproj", "{83EF65CC-815E-4BCB-897B-1A5693F30FD4}"
EndProject
Project("{2150E333-8FDC-42A3-9474-1A3956D46DE8}") = "core", "core", "{8486156C-9A1E-4D8B-A6FE-A910AF0110EC}"
EndProject
Project("{2150E333-8FDC-42A3-9474-1A3956D46DE8}") = "ui", "ui", "{BD8BE025-983B-4053-AEB4-3B49ACD8FED0}"
EndProject
Project("{2150E333-8FDC-42A3-9474-1A3956D46DE8}") = "functions", "functions", "{D86F156A-173D-459E-88D8-DCF176BE0164}"
EndProject
Project("{9A19103F-16F7-4668-BE54-9A1E7A4F7556}") = "AwesumIO.Core.Common", "src\core\AwesumIO.Core.Common\AwesumIO.Core.Common.csproj", "{ADBC2C8B-41CA-4B50-9DC4-7CB12AD2F5A2}"
EndProject
Project("{9A19103F-16F7-4668-BE54-9A1E7A4F7556}") = "AwesumIO.Core.Data", "src\core\AwesumIO.Core.Data\AwesumIO.Core.Data.csproj", "{CD9EB03E-8F14-4785-A51A-463DB612E520}"
EndProject
Project("{9A19103F-16F7-4668-BE54-9A1E7A4F7556}") = "AwesumIO.Core.Business", "src\core\AwesumIO.Core.Business\AwesumIO.Core.Business.csproj", "{E91E0CB6-60A9-4D30-A4F9-D3D6F6645FE2}"
EndProject
Global
	GlobalSection(SolutionConfigurationPlatforms) = preSolution
		Debug|Any CPU = Debug|Any CPU
		Release|Any CPU = Release|Any CPU
	EndGlobalSection
	GlobalSection(ProjectConfigurationPlatforms) = postSolution
		{83EF65CC-815E-4BCB-897B-1A5693F30FD4}.Debug|Any CPU.ActiveCfg = Debug|Any CPU
		{83EF65CC-815E-4BCB-897B-1A5693F30FD4}.Debug|Any CPU.Build.0 = Debug|Any CPU
		{83EF65CC-815E-4BCB-897B-1A5693F30FD4}.Release|Any CPU.ActiveCfg = Release|Any CPU
		{83EF65CC-815E-4BCB-897B-1A5693F30FD4}.Release|Any CPU.Build.0 = Release|Any CPU
		{ADBC2C8B-41CA-4B50-9DC4-7CB12AD2F5A2}.Debug|Any CPU.ActiveCfg = Debug|Any CPU
		{ADBC2C8B-41CA-4B50-9DC4-7CB12AD2F5A2}.Debug|Any CPU.Build.0 = Debug|Any CPU
		{ADBC2C8B-41CA-4B50-9DC4-7CB12AD2F5A2}.Release|Any CPU.ActiveCfg = Release|Any CPU
		{ADBC2C8B-41CA-4B50-9DC4-7CB12AD2F5A2}.Release|Any CPU.Build.0 = Release|Any CPU
		{CD9EB03E-8F14-4785-A51A-463DB612E520}.Debug|Any CPU.ActiveCfg = Debug|Any CPU
		{CD9EB03E-8F14-4785-A51A-463DB612E520}.Debug|Any CPU.Build.0 = Debug|Any CPU
		{CD9EB03E-8F14-4785-A51A-463DB612E520}.Release|Any CPU.ActiveCfg = Release|Any CPU
		{CD9EB03E-8F14-4785-A51A-463DB612E520}.Release|Any CPU.Build.0 = Release|Any CPU
		{E91E0CB6-60A9-4D30-A4F9-D3D6F6645FE2}.Debug|Any CPU.ActiveCfg = Debug|Any CPU
		{E91E0CB6-60A9-4D30-A4F9-D3D6F6645FE2}.Debug|Any CPU.Build.0 = Debug|Any CPU
		{E91E0CB6-60A9-4D30-A4F9-D3D6F6645FE2}.Release|Any CPU.ActiveCfg = Release|Any CPU
		{E91E0CB6-60A9-4D30-A4F9-D3D6F6645FE2}.Release|Any CPU.Build.0 = Release|Any CPU
	EndGlobalSection
	GlobalSection(SolutionProperties) = preSolution
		HideSolutionNode = FALSE
	EndGlobalSection
	GlobalSection(NestedProjects) = preSolution
		{83EF65CC-815E-4BCB-897B-1A5693F30FD4} = {D86F156A-173D-459E-88D8-DCF176BE0164}
		{ADBC2C8B-41CA-4B50-9DC4-7CB12AD2F5A2} = {8486156C-9A1E-4D8B-A6FE-A910AF0110EC}
		{CD9EB03E-8F14-4785-A51A-463DB612E520} = {8486156C-9A1E-4D8B-A6FE-A910AF0110EC}
		{E91E0CB6-60A9-4D30-A4F9-D3D6F6645FE2} = {8486156C-9A1E-4D8B-A6FE-A910AF0110EC}
	EndGlobalSection
	GlobalSection(ExtensibilityGlobals) = postSolution
		SolutionGuid = {489D63B3-5A59-4AB7-915E-E36338D6AAEB}
	EndGlobalSection
EndGlobal
